github.com/ONSdigital/go-ns v0.0.0-20191023103730-b53b51e1adea h1:+ARCgsQPac1//WLKhBQxdMd390NUoHRgtFvoSE20uXc=
github.com/ONSdigital/go-ns v0.0.0-20191023103730-b53b51e1adea/go.mod h1:iWos35il+NjbvDEqwtB736pyHru0MPFE/LqcwkV1wDc=
github.com/ONSdigital/log.go v0.0.0-20190214095951-93cc21caa3b3 h1:g4gdwISTbb8nQ9W+ICEk57M9Cy/VNsbKCqDVh6HRaZ0=
github.com/ONSdigital/log.go v0.0.0-20190214095951-93cc21caa3b3/go.mod h1:BD7D8FWP1fzwUWsrCopEG72jl9cchCaVNIGSz6YvL+Y=
github.com/fatih/color v1.7.0 h1:DkWD4oS2D8LGGgTQ6IvwJJXSL5Vp2ffcQg58nFV38Ys=
github.com/fatih/color v1.7.0/go.mod h1:Zm6kSWBoL9eyXnKyktHP6abPY2pDugNf5KwzbycvMj4=
github.com/hokaccha/go-prettyjson v0.0.0-20190818114111-108c894c2c0e h1:0aewS5NTyxftZHSnFaJmWE5oCCrj4DyEXkAiMa1iZJM=
github.com/hokaccha/go-prettyjson v0.0.0-20190818114111-108c894c2c0e/go.mod h1:pFlLw2CfqZiIBOx6BuCeRLCrfxBJipTY0nIOF/VbGcI=
github.com/johnnadratowski/golang-neo4j-bolt-driver v0.0.0-20181101021923-6b24c0085aae h1:YovtHFY2RXA6muqKixVlJlLBvBNNjiLTYeCYZTn/QDo=
github.com/johnnadratowski/golang-neo4j-bolt-driver v0.0.0-20181101021923-6b24c0085aae/go.mod h1:xwUw3ZE1/D9drQgpluhRs4peTMKm1tQEZ4p7DrpyqwE=
github.com/mattn/go-colorable v0.1.4 h1:snbPLB8fVfU9iwbbo30TPtbLRzwWu6aJS6Xh4eaaviA=
github.com/mattn/go-colorable v0.1.4/go.mod h1:U0ppj6V5qS13XJ6of8GYAs25YV2eR4EVcfRqFIhoBtE=
github.com/mattn/go-isatty v0.0.8/go.mod h1:Iq45c/XA43vh69/j3iqttzPXn0bhXyGjM0Hdxcsrc5s=
github.com/mattn/go-isatty v0.0.10 h1:qxFzApOv4WsAL965uUPIsXzAKCZxN2p9UqdhFS4ZW10=
github.com/mattn/go-isatty v0.0.10/go.mod h1:qgIWMr58cqv1PHHyhnkY9lrL7etaEgOFcMEpPG5Rm84=
golang.org/x/sys v0.0.0-20190222072716-a9d3bda3a223/go.mod h1:STP8DvDyc/dI5b8T5hshtkjS+E42TnysNCUPdjciGhY=
golang.org/x/sys v0.0.0-20191008105621-543471e840be/go.mod h1:h1NjWce9XRLGQEsW7wpKNCjG9DtNlClVuFLEZdDNbEs=
gopkg.in/check.v1 v0.0.0-20161208181325-20d25e280405/go.mod h1:Co6ibVJAznAaIkqp8huTwlJQCZ016jof/cbN4VW5Yz0=
gopkg.in/mgo.v2 v2.0.0-20190816093944-a6b53ec6cb22 h1:VpOs+IwYnYBaFnrNAeB8UUWtL3vEUnzSCL1nVjPhqrw=
gopkg.in/mgo.v2 v2.0.0-20190816093944-a6b53ec6cb22/go.mod h1:yeKp02qBN3iKW1OzL3MGk2IdtZzaj7SFntXj72NppTA=
gopkg.in/yaml.v2 v2.2.4 h1:/eiJrUcujPVeJ3xlSWaiNi3uSVmDGBK1pDHUHAnao1I=
gopkg.in/yaml.v2 v2.2.4/go.mod h1:hI93XBmqTisBFMUTm0b8Fm+jr3Dg1NNxqwp+5A1VGuI=
